
Microsoft Visual Studio Solution File, Format Version 12.00
# Visual Studio 15
VisualStudioVersion = 15.0.27130.2003
MinimumVisualStudioVersion = 10.0.40219.1
Project("{2150E333-8FDC-42A3-9474-1A3956D46DE8}") = "Mobile.UI", "Mobile.UI", "{BA274382-8B97-46E9-BE93-E423E5938E02}"
EndProject
Project("{2150E333-8FDC-42A3-9474-1A3956D46DE8}") = "Mobile.Service", "Mobile.Service", "{CAA501A3-6C1E-45E3-82EC-F26503208D91}"
EndProject
Project("{2150E333-8FDC-42A3-9474-1A3956D46DE8}") = "Mobile.Data", "Mobile.Data", "{5DFE5D02-8BC2-47D8-86A7-A43FFE6490E9}"
EndProject
Project("{2150E333-8FDC-42A3-9474-1A3956D46DE8}") = "Mobile.Common", "Mobile.Common", "{058C8925-75F6-4E55-8036-B42021499C60}"
EndProject
Project("{FAE04EC0-301F-11D3-BF4B-00C04F79EFBC}") = "Taksoo.Mobile.Common", "Taksoo.Mobile.Common\Taksoo.Common\Taksoo.Mobile.Common.csproj", "{576A66F8-532A-4B9D-A438-46A94116C974}"
EndProject
Project("{FAE04EC0-301F-11D3-BF4B-00C04F79EFBC}") = "Taksoo.Mobile.Data", "Taksoo.Mobile.Data\Taksoo.Mobile.Data\Taksoo.Mobile.Data.csproj", "{0A7F9C11-FC99-44DA-B4B1-EDE4B71BA5BC}"
EndProject
Project("{FAE04EC0-301F-11D3-BF4B-00C04F79EFBC}") = "Taksoo.Service", "Taksoo.Mobile.Service\Taksoo.Mobile.Service\Taksoo.Service.csproj", "{8B6A346F-02F6-4BEE-BCB0-99252ED4F8CF}"
EndProject
Project("{FAE04EC0-301F-11D3-BF4B-00C04F79EFBC}") = "Taksoo", "Taksoo\Taksoo\Taksoo.csproj", "{F4A7D9E0-4D79-40CF-BF7D-3E0DD65655C2}"
EndProject
Project("{FAE04EC0-301F-11D3-BF4B-00C04F79EFBC}") = "Taksoo.Android", "Taksoo\Taksoo.Android\Taksoo.Android.csproj", "{1245E054-8FBA-4DA5-8EE1-7F1963C8CECE}"
EndProject
Project("{FAE04EC0-301F-11D3-BF4B-00C04F79EFBC}") = "Taksoo.iOS", "Taksoo\Taksoo.iOS\Taksoo.iOS.csproj", "{20A5C23E-7649-44ED-AE49-183A1B5863C0}"
EndProject
Project("{FAE04EC0-301F-11D3-BF4B-00C04F79EFBC}") = "Taksoo.UWP", "Taksoo\Taksoo.UWP\Taksoo.UWP.csproj", "{A10BC41F-FDD8-4995-BE62-747EAD7F9D2E}"
EndProject
Global
	GlobalSection(SolutionConfigurationPlatforms) = preSolution
		Ad-Hoc|Any CPU = Ad-Hoc|Any CPU
		Ad-Hoc|ARM = Ad-Hoc|ARM
		Ad-Hoc|iPhone = Ad-Hoc|iPhone
		Ad-Hoc|iPhoneSimulator = Ad-Hoc|iPhoneSimulator
		Ad-Hoc|x64 = Ad-Hoc|x64
		Ad-Hoc|x86 = Ad-Hoc|x86
		AppStore|Any CPU = AppStore|Any CPU
		AppStore|ARM = AppStore|ARM
		AppStore|iPhone = AppStore|iPhone
		AppStore|iPhoneSimulator = AppStore|iPhoneSimulator
		AppStore|x64 = AppStore|x64
		AppStore|x86 = AppStore|x86
		Debug|Any CPU = Debug|Any CPU
		Debug|ARM = Debug|ARM
		Debug|iPhone = Debug|iPhone
		Debug|iPhoneSimulator = Debug|iPhoneSimulator
		Debug|x64 = Debug|x64
		Debug|x86 = Debug|x86
		Release|Any CPU = Release|Any CPU
		Release|ARM = Release|ARM
		Release|iPhone = Release|iPhone
		Release|iPhoneSimulator = Release|iPhoneSimulator
		Release|x64 = Release|x64
		Release|x86 = Release|x86
	EndGlobalSection
	GlobalSection(ProjectConfigurationPlatforms) = postSolution
		{576A66F8-532A-4B9D-A438-46A94116C974}.Ad-Hoc|Any CPU.ActiveCfg = Release|Any CPU
		{576A66F8-532A-4B9D-A438-46A94116C974}.Ad-Hoc|Any CPU.Build.0 = Release|Any CPU
		{576A66F8-532A-4B9D-A438-46A94116C974}.Ad-Hoc|ARM.ActiveCfg = Release|Any CPU
		{576A66F8-532A-4B9D-A438-46A94116C974}.Ad-Hoc|ARM.Build.0 = Release|Any CPU
		{576A66F8-532A-4B9D-A438-46A94116C974}.Ad-Hoc|iPhone.ActiveCfg = Release|Any CPU
		{576A66F8-532A-4B9D-A438-46A94116C974}.Ad-Hoc|iPhone.Build.0 = Release|Any CPU
		{576A66F8-532A-4B9D-A438-46A94116C974}.Ad-Hoc|iPhoneSimulator.ActiveCfg = Release|Any CPU
		{576A66F8-532A-4B9D-A438-46A94116C974}.Ad-Hoc|iPhoneSimulator.Build.0 = Release|Any CPU
		{576A66F8-532A-4B9D-A438-46A94116C974}.Ad-Hoc|x64.ActiveCfg = Release|Any CPU
		{576A66F8-532A-4B9D-A438-46A94116C974}.Ad-Hoc|x64.Build.0 = Release|Any CPU
		{576A66F8-532A-4B9D-A438-46A94116C974}.Ad-Hoc|x86.ActiveCfg = Release|Any CPU
		{576A66F8-532A-4B9D-A438-46A94116C974}.Ad-Hoc|x86.Build.0 = Release|Any CPU
		{576A66F8-532A-4B9D-A438-46A94116C974}.AppStore|Any CPU.ActiveCfg = Release|Any CPU
		{576A66F8-532A-4B9D-A438-46A94116C974}.AppStore|Any CPU.Build.0 = Release|Any CPU
		{576A66F8-532A-4B9D-A438-46A94116C974}.AppStore|ARM.ActiveCfg = Release|Any CPU
		{576A66F8-532A-4B9D-A438-46A94116C974}.AppStore|ARM.Build.0 = Release|Any CPU
		{576A66F8-532A-4B9D-A438-46A94116C974}.AppStore|iPhone.ActiveCfg = Release|Any CPU
		{576A66F8-532A-4B9D-A438-46A94116C974}.AppStore|iPhone.Build.0 = Release|Any CPU
		{576A66F8-532A-4B9D-A438-46A94116C974}.AppStore|iPhoneSimulator.ActiveCfg = Release|Any CPU
		{576A66F8-532A-4B9D-A438-46A94116C974}.AppStore|iPhoneSimulator.Build.0 = Release|Any CPU
		{576A66F8-532A-4B9D-A438-46A94116C974}.AppStore|x64.ActiveCfg = Release|Any CPU
		{576A66F8-532A-4B9D-A438-46A94116C974}.AppStore|x64.Build.0 = Release|Any CPU
		{576A66F8-532A-4B9D-A438-46A94116C974}.AppStore|x86.ActiveCfg = Release|Any CPU
		{576A66F8-532A-4B9D-A438-46A94116C974}.AppStore|x86.Build.0 = Release|Any CPU
		{576A66F8-532A-4B9D-A438-46A94116C974}.Debug|Any CPU.ActiveCfg = Debug|Any CPU
		{576A66F8-532A-4B9D-A438-46A94116C974}.Debug|Any CPU.Build.0 = Debug|Any CPU
		{576A66F8-532A-4B9D-A438-46A94116C974}.Debug|ARM.ActiveCfg = Debug|Any CPU
		{576A66F8-532A-4B9D-A438-46A94116C974}.Debug|ARM.Build.0 = Debug|Any CPU
		{576A66F8-532A-4B9D-A438-46A94116C974}.Debug|iPhone.ActiveCfg = Debug|Any CPU
		{576A66F8-532A-4B9D-A438-46A94116C974}.Debug|iPhone.Build.0 = Debug|Any CPU
		{576A66F8-532A-4B9D-A438-46A94116C974}.Debug|iPhoneSimulator.ActiveCfg = Debug|Any CPU
		{576A66F8-532A-4B9D-A438-46A94116C974}.Debug|iPhoneSimulator.Build.0 = Debug|Any CPU
		{576A66F8-532A-4B9D-A438-46A94116C974}.Debug|x64.ActiveCfg = Debug|Any CPU
		{576A66F8-532A-4B9D-A438-46A94116C974}.Debug|x64.Build.0 = Debug|Any CPU
		{576A66F8-532A-4B9D-A438-46A94116C974}.Debug|x86.ActiveCfg = Debug|Any CPU
		{576A66F8-532A-4B9D-A438-46A94116C974}.Debug|x86.Build.0 = Debug|Any CPU
		{576A66F8-532A-4B9D-A438-46A94116C974}.Release|Any CPU.ActiveCfg = Release|Any CPU
		{576A66F8-532A-4B9D-A438-46A94116C974}.Release|Any CPU.Build.0 = Release|Any CPU
		{576A66F8-532A-4B9D-A438-46A94116C974}.Release|ARM.ActiveCfg = Release|Any CPU
		{576A66F8-532A-4B9D-A438-46A94116C974}.Release|ARM.Build.0 = Release|Any CPU
		{576A66F8-532A-4B9D-A438-46A94116C974}.Release|iPhone.ActiveCfg = Release|Any CPU
		{576A66F8-532A-4B9D-A438-46A94116C974}.Release|iPhone.Build.0 = Release|Any CPU
		{576A66F8-532A-4B9D-A438-46A94116C974}.Release|iPhoneSimulator.ActiveCfg = Release|Any CPU
		{576A66F8-532A-4B9D-A438-46A94116C974}.Release|iPhoneSimulator.Build.0 = Release|Any CPU
		{576A66F8-532A-4B9D-A438-46A94116C974}.Release|x64.ActiveCfg = Release|Any CPU
		{576A66F8-532A-4B9D-A438-46A94116C974}.Release|x64.Build.0 = Release|Any CPU
		{576A66F8-532A-4B9D-A438-46A94116C974}.Release|x86.ActiveCfg = Release|Any CPU
		{576A66F8-532A-4B9D-A438-46A94116C974}.Release|x86.Build.0 = Release|Any CPU
		{0A7F9C11-FC99-44DA-B4B1-EDE4B71BA5BC}.Ad-Hoc|Any CPU.ActiveCfg = Release|Any CPU
		{0A7F9C11-FC99-44DA-B4B1-EDE4B71BA5BC}.Ad-Hoc|Any CPU.Build.0 = Release|Any CPU
		{0A7F9C11-FC99-44DA-B4B1-EDE4B71BA5BC}.Ad-Hoc|ARM.ActiveCfg = Release|Any CPU
		{0A7F9C11-FC99-44DA-B4B1-EDE4B71BA5BC}.Ad-Hoc|ARM.Build.0 = Release|Any CPU
		{0A7F9C11-FC99-44DA-B4B1-EDE4B71BA5BC}.Ad-Hoc|iPhone.ActiveCfg = Release|Any CPU
		{0A7F9C11-FC99-44DA-B4B1-EDE4B71BA5BC}.Ad-Hoc|iPhone.Build.0 = Release|Any CPU
		{0A7F9C11-FC99-44DA-B4B1-EDE4B71BA5BC}.Ad-Hoc|iPhoneSimulator.ActiveCfg = Release|Any CPU
		{0A7F9C11-FC99-44DA-B4B1-EDE4B71BA5BC}.Ad-Hoc|iPhoneSimulator.Build.0 = Release|Any CPU
		{0A7F9C11-FC99-44DA-B4B1-EDE4B71BA5BC}.Ad-Hoc|x64.ActiveCfg = Release|Any CPU
		{0A7F9C11-FC99-44DA-B4B1-EDE4B71BA5BC}.Ad-Hoc|x64.Build.0 = Release|Any CPU
		{0A7F9C11-FC99-44DA-B4B1-EDE4B71BA5BC}.Ad-Hoc|x86.ActiveCfg = Release|Any CPU
		{0A7F9C11-FC99-44DA-B4B1-EDE4B71BA5BC}.Ad-Hoc|x86.Build.0 = Release|Any CPU
		{0A7F9C11-FC99-44DA-B4B1-EDE4B71BA5BC}.AppStore|Any CPU.ActiveCfg = Release|Any CPU
		{0A7F9C11-FC99-44DA-B4B1-EDE4B71BA5BC}.AppStore|Any CPU.Build.0 = Release|Any CPU
		{0A7F9C11-FC99-44DA-B4B1-EDE4B71BA5BC}.AppStore|ARM.ActiveCfg = Release|Any CPU
		{0A7F9C11-FC99-44DA-B4B1-EDE4B71BA5BC}.AppStore|ARM.Build.0 = Release|Any CPU
		{0A7F9C11-FC99-44DA-B4B1-EDE4B71BA5BC}.AppStore|iPhone.ActiveCfg = Release|Any CPU
		{0A7F9C11-FC99-44DA-B4B1-EDE4B71BA5BC}.AppStore|iPhone.Build.0 = Release|Any CPU
		{0A7F9C11-FC99-44DA-B4B1-EDE4B71BA5BC}.AppStore|iPhoneSimulator.ActiveCfg = Release|Any CPU
		{0A7F9C11-FC99-44DA-B4B1-EDE4B71BA5BC}.AppStore|iPhoneSimulator.Build.0 = Release|Any CPU
		{0A7F9C11-FC99-44DA-B4B1-EDE4B71BA5BC}.AppStore|x64.ActiveCfg = Release|Any CPU
		{0A7F9C11-FC99-44DA-B4B1-EDE4B71BA5BC}.AppStore|x64.Build.0 = Release|Any CPU
		{0A7F9C11-FC99-44DA-B4B1-EDE4B71BA5BC}.AppStore|x86.ActiveCfg = Release|Any CPU
		{0A7F9C11-FC99-44DA-B4B1-EDE4B71BA5BC}.AppStore|x86.Build.0 = Release|Any CPU
		{0A7F9C11-FC99-44DA-B4B1-EDE4B71BA5BC}.Debug|Any CPU.ActiveCfg = Debug|Any CPU
		{0A7F9C11-FC99-44DA-B4B1-EDE4B71BA5BC}.Debug|Any CPU.Build.0 = Debug|Any CPU
		{0A7F9C11-FC99-44DA-B4B1-EDE4B71BA5BC}.Debug|ARM.ActiveCfg = Debug|Any CPU
		{0A7F9C11-FC99-44DA-B4B1-EDE4B71BA5BC}.Debug|ARM.Build.0 = Debug|Any CPU
		{0A7F9C11-FC99-44DA-B4B1-EDE4B71BA5BC}.Debug|iPhone.ActiveCfg = Debug|Any CPU
		{0A7F9C11-FC99-44DA-B4B1-EDE4B71BA5BC}.Debug|iPhone.Build.0 = Debug|Any CPU
		{0A7F9C11-FC99-44DA-B4B1-EDE4B71BA5BC}.Debug|iPhoneSimulator.ActiveCfg = Debug|Any CPU
		{0A7F9C11-FC99-44DA-B4B1-EDE4B71BA5BC}.Debug|iPhoneSimulator.Build.0 = Debug|Any CPU
		{0A7F9C11-FC99-44DA-B4B1-EDE4B71BA5BC}.Debug|x64.ActiveCfg = Debug|Any CPU
		{0A7F9C11-FC99-44DA-B4B1-EDE4B71BA5BC}.Debug|x64.Build.0 = Debug|Any CPU
		{0A7F9C11-FC99-44DA-B4B1-EDE4B71BA5BC}.Debug|x86.ActiveCfg = Debug|Any CPU
		{0A7F9C11-FC99-44DA-B4B1-EDE4B71BA5BC}.Debug|x86.Build.0 = Debug|Any CPU
		{0A7F9C11-FC99-44DA-B4B1-EDE4B71BA5BC}.Release|Any CPU.ActiveCfg = Release|Any CPU
		{0A7F9C11-FC99-44DA-B4B1-EDE4B71BA5BC}.Release|Any CPU.Build.0 = Release|Any CPU
		{0A7F9C11-FC99-44DA-B4B1-EDE4B71BA5BC}.Release|ARM.ActiveCfg = Release|Any CPU
		{0A7F9C11-FC99-44DA-B4B1-EDE4B71BA5BC}.Release|ARM.Build.0 = Release|Any CPU
		{0A7F9C11-FC99-44DA-B4B1-EDE4B71BA5BC}.Release|iPhone.ActiveCfg = Release|Any CPU
		{0A7F9C11-FC99-44DA-B4B1-EDE4B71BA5BC}.Release|iPhone.Build.0 = Release|Any CPU
		{0A7F9C11-FC99-44DA-B4B1-EDE4B71BA5BC}.Release|iPhoneSimulator.ActiveCfg = Release|Any CPU
		{0A7F9C11-FC99-44DA-B4B1-EDE4B71BA5BC}.Release|iPhoneSimulator.Build.0 = Release|Any CPU
		{0A7F9C11-FC99-44DA-B4B1-EDE4B71BA5BC}.Release|x64.ActiveCfg = Release|Any CPU
		{0A7F9C11-FC99-44DA-B4B1-EDE4B71BA5BC}.Release|x64.Build.0 = Release|Any CPU
		{0A7F9C11-FC99-44DA-B4B1-EDE4B71BA5BC}.Release|x86.ActiveCfg = Release|Any CPU
		{0A7F9C11-FC99-44DA-B4B1-EDE4B71BA5BC}.Release|x86.Build.0 = Release|Any CPU
		{8B6A346F-02F6-4BEE-BCB0-99252ED4F8CF}.Ad-Hoc|Any CPU.ActiveCfg = Release|Any CPU
		{8B6A346F-02F6-4BEE-BCB0-99252ED4F8CF}.Ad-Hoc|Any CPU.Build.0 = Release|Any CPU
		{8B6A346F-02F6-4BEE-BCB0-99252ED4F8CF}.Ad-Hoc|ARM.ActiveCfg = Release|Any CPU
		{8B6A346F-02F6-4BEE-BCB0-99252ED4F8CF}.Ad-Hoc|ARM.Build.0 = Release|Any CPU
		{8B6A346F-02F6-4BEE-BCB0-99252ED4F8CF}.Ad-Hoc|iPhone.ActiveCfg = Release|Any CPU
		{8B6A346F-02F6-4BEE-BCB0-99252ED4F8CF}.Ad-Hoc|iPhone.Build.0 = Release|Any CPU
		{8B6A346F-02F6-4BEE-BCB0-99252ED4F8CF}.Ad-Hoc|iPhoneSimulator.ActiveCfg = Release|Any CPU
		{8B6A346F-02F6-4BEE-BCB0-99252ED4F8CF}.Ad-Hoc|iPhoneSimulator.Build.0 = Release|Any CPU
		{8B6A346F-02F6-4BEE-BCB0-99252ED4F8CF}.Ad-Hoc|x64.ActiveCfg = Release|Any CPU
		{8B6A346F-02F6-4BEE-BCB0-99252ED4F8CF}.Ad-Hoc|x64.Build.0 = Release|Any CPU
		{8B6A346F-02F6-4BEE-BCB0-99252ED4F8CF}.Ad-Hoc|x86.ActiveCfg = Release|Any CPU
		{8B6A346F-02F6-4BEE-BCB0-99252ED4F8CF}.Ad-Hoc|x86.Build.0 = Release|Any CPU
		{8B6A346F-02F6-4BEE-BCB0-99252ED4F8CF}.AppStore|Any CPU.ActiveCfg = Release|Any CPU
		{8B6A346F-02F6-4BEE-BCB0-99252ED4F8CF}.AppStore|Any CPU.Build.0 = Release|Any CPU
		{8B6A346F-02F6-4BEE-BCB0-99252ED4F8CF}.AppStore|ARM.ActiveCfg = Release|Any CPU
		{8B6A346F-02F6-4BEE-BCB0-99252ED4F8CF}.AppStore|ARM.Build.0 = Release|Any CPU
		{8B6A346F-02F6-4BEE-BCB0-99252ED4F8CF}.AppStore|iPhone.ActiveCfg = Release|Any CPU
		{8B6A346F-02F6-4BEE-BCB0-99252ED4F8CF}.AppStore|iPhone.Build.0 = Release|Any CPU
		{8B6A346F-02F6-4BEE-BCB0-99252ED4F8CF}.AppStore|iPhoneSimulator.ActiveCfg = Release|Any CPU
		{8B6A346F-02F6-4BEE-BCB0-99252ED4F8CF}.AppStore|iPhoneSimulator.Build.0 = Release|Any CPU
		{8B6A346F-02F6-4BEE-BCB0-99252ED4F8CF}.AppStore|x64.ActiveCfg = Release|Any CPU
		{8B6A346F-02F6-4BEE-BCB0-99252ED4F8CF}.AppStore|x64.Build.0 = Release|Any CPU
		{8B6A346F-02F6-4BEE-BCB0-99252ED4F8CF}.AppStore|x86.ActiveCfg = Release|Any CPU
		{8B6A346F-02F6-4BEE-BCB0-99252ED4F8CF}.AppStore|x86.Build.0 = Release|Any CPU
		{8B6A346F-02F6-4BEE-BCB0-99252ED4F8CF}.Debug|Any CPU.ActiveCfg = Debug|Any CPU
		{8B6A346F-02F6-4BEE-BCB0-99252ED4F8CF}.Debug|Any CPU.Build.0 = Debug|Any CPU
		{8B6A346F-02F6-4BEE-BCB0-99252ED4F8CF}.Debug|ARM.ActiveCfg = Debug|Any CPU
		{8B6A346F-02F6-4BEE-BCB0-99252ED4F8CF}.Debug|ARM.Build.0 = Debug|Any CPU
		{8B6A346F-02F6-4BEE-BCB0-99252ED4F8CF}.Debug|iPhone.ActiveCfg = Debug|Any CPU
		{8B6A346F-02F6-4BEE-BCB0-99252ED4F8CF}.Debug|iPhone.Build.0 = Debug|Any CPU
		{8B6A346F-02F6-4BEE-BCB0-99252ED4F8CF}.Debug|iPhoneSimulator.ActiveCfg = Debug|Any CPU
		{8B6A346F-02F6-4BEE-BCB0-99252ED4F8CF}.Debug|iPhoneSimulator.Build.0 = Debug|Any CPU
		{8B6A346F-02F6-4BEE-BCB0-99252ED4F8CF}.Debug|x64.ActiveCfg = Debug|Any CPU
		{8B6A346F-02F6-4BEE-BCB0-99252ED4F8CF}.Debug|x64.Build.0 = Debug|Any CPU
		{8B6A346F-02F6-4BEE-BCB0-99252ED4F8CF}.Debug|x86.ActiveCfg = Debug|Any CPU
		{8B6A346F-02F6-4BEE-BCB0-99252ED4F8CF}.Debug|x86.Build.0 = Debug|Any CPU
		{8B6A346F-02F6-4BEE-BCB0-99252ED4F8CF}.Release|Any CPU.ActiveCfg = Release|Any CPU
		{8B6A346F-02F6-4BEE-BCB0-99252ED4F8CF}.Release|Any CPU.Build.0 = Release|Any CPU
		{8B6A346F-02F6-4BEE-BCB0-99252ED4F8CF}.Release|ARM.ActiveCfg = Release|Any CPU
		{8B6A346F-02F6-4BEE-BCB0-99252ED4F8CF}.Release|ARM.Build.0 = Release|Any CPU
		{8B6A346F-02F6-4BEE-BCB0-99252ED4F8CF}.Release|iPhone.ActiveCfg = Release|Any CPU
		{8B6A346F-02F6-4BEE-BCB0-99252ED4F8CF}.Release|iPhone.Build.0 = Release|Any CPU
		{8B6A346F-02F6-4BEE-BCB0-99252ED4F8CF}.Release|iPhoneSimulator.ActiveCfg = Release|Any CPU
		{8B6A346F-02F6-4BEE-BCB0-99252ED4F8CF}.Release|iPhoneSimulator.Build.0 = Release|Any CPU
		{8B6A346F-02F6-4BEE-BCB0-99252ED4F8CF}.Release|x64.ActiveCfg = Release|Any CPU
		{8B6A346F-02F6-4BEE-BCB0-99252ED4F8CF}.Release|x64.Build.0 = Release|Any CPU
		{8B6A346F-02F6-4BEE-BCB0-99252ED4F8CF}.Release|x86.ActiveCfg = Release|Any CPU
		{8B6A346F-02F6-4BEE-BCB0-99252ED4F8CF}.Release|x86.Build.0 = Release|Any CPU
		{F4A7D9E0-4D79-40CF-BF7D-3E0DD65655C2}.Ad-Hoc|Any CPU.ActiveCfg = Release|Any CPU
		{F4A7D9E0-4D79-40CF-BF7D-3E0DD65655C2}.Ad-Hoc|Any CPU.Build.0 = Release|Any CPU
		{F4A7D9E0-4D79-40CF-BF7D-3E0DD65655C2}.Ad-Hoc|ARM.ActiveCfg = Release|Any CPU
		{F4A7D9E0-4D79-40CF-BF7D-3E0DD65655C2}.Ad-Hoc|ARM.Build.0 = Release|Any CPU
		{F4A7D9E0-4D79-40CF-BF7D-3E0DD65655C2}.Ad-Hoc|iPhone.ActiveCfg = Release|Any CPU
		{F4A7D9E0-4D79-40CF-BF7D-3E0DD65655C2}.Ad-Hoc|iPhone.Build.0 = Release|Any CPU
		{F4A7D9E0-4D79-40CF-BF7D-3E0DD65655C2}.Ad-Hoc|iPhoneSimulator.ActiveCfg = Release|Any CPU
		{F4A7D9E0-4D79-40CF-BF7D-3E0DD65655C2}.Ad-Hoc|iPhoneSimulator.Build.0 = Release|Any CPU
		{F4A7D9E0-4D79-40CF-BF7D-3E0DD65655C2}.Ad-Hoc|x64.ActiveCfg = Release|Any CPU
		{F4A7D9E0-4D79-40CF-BF7D-3E0DD65655C2}.Ad-Hoc|x64.Build.0 = Release|Any CPU
		{F4A7D9E0-4D79-40CF-BF7D-3E0DD65655C2}.Ad-Hoc|x86.ActiveCfg = Release|Any CPU
		{F4A7D9E0-4D79-40CF-BF7D-3E0DD65655C2}.Ad-Hoc|x86.Build.0 = Release|Any CPU
		{F4A7D9E0-4D79-40CF-BF7D-3E0DD65655C2}.AppStore|Any CPU.ActiveCfg = Release|Any CPU
		{F4A7D9E0-4D79-40CF-BF7D-3E0DD65655C2}.AppStore|Any CPU.Build.0 = Release|Any CPU
		{F4A7D9E0-4D79-40CF-BF7D-3E0DD65655C2}.AppStore|ARM.ActiveCfg = Release|Any CPU
		{F4A7D9E0-4D79-40CF-BF7D-3E0DD65655C2}.AppStore|ARM.Build.0 = Release|Any CPU
		{F4A7D9E0-4D79-40CF-BF7D-3E0DD65655C2}.AppStore|iPhone.ActiveCfg = Release|Any CPU
		{F4A7D9E0-4D79-40CF-BF7D-3E0DD65655C2}.AppStore|iPhone.Build.0 = Release|Any CPU
		{F4A7D9E0-4D79-40CF-BF7D-3E0DD65655C2}.AppStore|iPhoneSimulator.ActiveCfg = Release|Any CPU
		{F4A7D9E0-4D79-40CF-BF7D-3E0DD65655C2}.AppStore|iPhoneSimulator.Build.0 = Release|Any CPU
		{F4A7D9E0-4D79-40CF-BF7D-3E0DD65655C2}.AppStore|x64.ActiveCfg = Release|Any CPU
		{F4A7D9E0-4D79-40CF-BF7D-3E0DD65655C2}.AppStore|x64.Build.0 = Release|Any CPU
		{F4A7D9E0-4D79-40CF-BF7D-3E0DD65655C2}.AppStore|x86.ActiveCfg = Release|Any CPU
		{F4A7D9E0-4D79-40CF-BF7D-3E0DD65655C2}.AppStore|x86.Build.0 = Release|Any CPU
		{F4A7D9E0-4D79-40CF-BF7D-3E0DD65655C2}.Debug|Any CPU.ActiveCfg = Debug|Any CPU
		{F4A7D9E0-4D79-40CF-BF7D-3E0DD65655C2}.Debug|Any CPU.Build.0 = Debug|Any CPU
		{F4A7D9E0-4D79-40CF-BF7D-3E0DD65655C2}.Debug|ARM.ActiveCfg = Debug|Any CPU
		{F4A7D9E0-4D79-40CF-BF7D-3E0DD65655C2}.Debug|ARM.Build.0 = Debug|Any CPU
		{F4A7D9E0-4D79-40CF-BF7D-3E0DD65655C2}.Debug|iPhone.ActiveCfg = Debug|Any CPU
		{F4A7D9E0-4D79-40CF-BF7D-3E0DD65655C2}.Debug|iPhone.Build.0 = Debug|Any CPU
		{F4A7D9E0-4D79-40CF-BF7D-3E0DD65655C2}.Debug|iPhoneSimulator.ActiveCfg = Debug|Any CPU
		{F4A7D9E0-4D79-40CF-BF7D-3E0DD65655C2}.Debug|iPhoneSimulator.Build.0 = Debug|Any CPU
		{F4A7D9E0-4D79-40CF-BF7D-3E0DD65655C2}.Debug|x64.ActiveCfg = Debug|Any CPU
		{F4A7D9E0-4D79-40CF-BF7D-3E0DD65655C2}.Debug|x64.Build.0 = Debug|Any CPU
		{F4A7D9E0-4D79-40CF-BF7D-3E0DD65655C2}.Debug|x86.ActiveCfg = Debug|Any CPU
		{F4A7D9E0-4D79-40CF-BF7D-3E0DD65655C2}.Debug|x86.Build.0 = Debug|Any CPU
		{F4A7D9E0-4D79-40CF-BF7D-3E0DD65655C2}.Release|Any CPU.ActiveCfg = Release|Any CPU
		{F4A7D9E0-4D79-40CF-BF7D-3E0DD65655C2}.Release|Any CPU.Build.0 = Release|Any CPU
		{F4A7D9E0-4D79-40CF-BF7D-3E0DD65655C2}.Release|ARM.ActiveCfg = Release|Any CPU
		{F4A7D9E0-4D79-40CF-BF7D-3E0DD65655C2}.Release|ARM.Build.0 = Release|Any CPU
		{F4A7D9E0-4D79-40CF-BF7D-3E0DD65655C2}.Release|iPhone.ActiveCfg = Release|Any CPU
		{F4A7D9E0-4D79-40CF-BF7D-3E0DD65655C2}.Release|iPhone.Build.0 = Release|Any CPU
		{F4A7D9E0-4D79-40CF-BF7D-3E0DD65655C2}.Release|iPhoneSimulator.ActiveCfg = Release|Any CPU
		{F4A7D9E0-4D79-40CF-BF7D-3E0DD65655C2}.Release|iPhoneSimulator.Build.0 = Release|Any CPU
		{F4A7D9E0-4D79-40CF-BF7D-3E0DD65655C2}.Release|x64.ActiveCfg = Release|Any CPU
		{F4A7D9E0-4D79-40CF-BF7D-3E0DD65655C2}.Release|x64.Build.0 = Release|Any CPU
		{F4A7D9E0-4D79-40CF-BF7D-3E0DD65655C2}.Release|x86.ActiveCfg = Release|Any CPU
		{F4A7D9E0-4D79-40CF-BF7D-3E0DD65655C2}.Release|x86.Build.0 = Release|Any CPU
		{1245E054-8FBA-4DA5-8EE1-7F1963C8CECE}.Ad-Hoc|Any CPU.ActiveCfg = Release|Any CPU
		{1245E054-8FBA-4DA5-8EE1-7F1963C8CECE}.Ad-Hoc|Any CPU.Build.0 = Release|Any CPU
		{1245E054-8FBA-4DA5-8EE1-7F1963C8CECE}.Ad-Hoc|Any CPU.Deploy.0 = Release|Any CPU
		{1245E054-8FBA-4DA5-8EE1-7F1963C8CECE}.Ad-Hoc|ARM.ActiveCfg = Release|Any CPU
		{1245E054-8FBA-4DA5-8EE1-7F1963C8CECE}.Ad-Hoc|ARM.Build.0 = Release|Any CPU
		{1245E054-8FBA-4DA5-8EE1-7F1963C8CECE}.Ad-Hoc|ARM.Deploy.0 = Release|Any CPU
		{1245E054-8FBA-4DA5-8EE1-7F1963C8CECE}.Ad-Hoc|iPhone.ActiveCfg = Release|Any CPU
		{1245E054-8FBA-4DA5-8EE1-7F1963C8CECE}.Ad-Hoc|iPhone.Build.0 = Release|Any CPU
		{1245E054-8FBA-4DA5-8EE1-7F1963C8CECE}.Ad-Hoc|iPhone.Deploy.0 = Release|Any CPU
		{1245E054-8FBA-4DA5-8EE1-7F1963C8CECE}.Ad-Hoc|iPhoneSimulator.ActiveCfg = Release|Any CPU
		{1245E054-8FBA-4DA5-8EE1-7F1963C8CECE}.Ad-Hoc|iPhoneSimulator.Build.0 = Release|Any CPU
		{1245E054-8FBA-4DA5-8EE1-7F1963C8CECE}.Ad-Hoc|iPhoneSimulator.Deploy.0 = Release|Any CPU
		{1245E054-8FBA-4DA5-8EE1-7F1963C8CECE}.Ad-Hoc|x64.ActiveCfg = Release|Any CPU
		{1245E054-8FBA-4DA5-8EE1-7F1963C8CECE}.Ad-Hoc|x64.Build.0 = Release|Any CPU
		{1245E054-8FBA-4DA5-8EE1-7F1963C8CECE}.Ad-Hoc|x64.Deploy.0 = Release|Any CPU
		{1245E054-8FBA-4DA5-8EE1-7F1963C8CECE}.Ad-Hoc|x86.ActiveCfg = Release|Any CPU
		{1245E054-8FBA-4DA5-8EE1-7F1963C8CECE}.Ad-Hoc|x86.Build.0 = Release|Any CPU
		{1245E054-8FBA-4DA5-8EE1-7F1963C8CECE}.Ad-Hoc|x86.Deploy.0 = Release|Any CPU
		{1245E054-8FBA-4DA5-8EE1-7F1963C8CECE}.AppStore|Any CPU.ActiveCfg = Release|Any CPU
		{1245E054-8FBA-4DA5-8EE1-7F1963C8CECE}.AppStore|Any CPU.Build.0 = Release|Any CPU
		{1245E054-8FBA-4DA5-8EE1-7F1963C8CECE}.AppStore|Any CPU.Deploy.0 = Release|Any CPU
		{1245E054-8FBA-4DA5-8EE1-7F1963C8CECE}.AppStore|ARM.ActiveCfg = Release|Any CPU
		{1245E054-8FBA-4DA5-8EE1-7F1963C8CECE}.AppStore|ARM.Build.0 = Release|Any CPU
		{1245E054-8FBA-4DA5-8EE1-7F1963C8CECE}.AppStore|ARM.Deploy.0 = Release|Any CPU
		{1245E054-8FBA-4DA5-8EE1-7F1963C8CECE}.AppStore|iPhone.ActiveCfg = Release|Any CPU
		{1245E054-8FBA-4DA5-8EE1-7F1963C8CECE}.AppStore|iPhone.Build.0 = Release|Any CPU
		{1245E054-8FBA-4DA5-8EE1-7F1963C8CECE}.AppStore|iPhone.Deploy.0 = Release|Any CPU
		{1245E054-8FBA-4DA5-8EE1-7F1963C8CECE}.AppStore|iPhoneSimulator.ActiveCfg = Release|Any CPU
		{1245E054-8FBA-4DA5-8EE1-7F1963C8CECE}.AppStore|iPhoneSimulator.Build.0 = Release|Any CPU
		{1245E054-8FBA-4DA5-8EE1-7F1963C8CECE}.AppStore|iPhoneSimulator.Deploy.0 = Release|Any CPU
		{1245E054-8FBA-4DA5-8EE1-7F1963C8CECE}.AppStore|x64.ActiveCfg = Release|Any CPU
		{1245E054-8FBA-4DA5-8EE1-7F1963C8CECE}.AppStore|x64.Build.0 = Release|Any CPU
		{1245E054-8FBA-4DA5-8EE1-7F1963C8CECE}.AppStore|x64.Deploy.0 = Release|Any CPU
		{1245E054-8FBA-4DA5-8EE1-7F1963C8CECE}.AppStore|x86.ActiveCfg = Release|Any CPU
		{1245E054-8FBA-4DA5-8EE1-7F1963C8CECE}.AppStore|x86.Build.0 = Release|Any CPU
		{1245E054-8FBA-4DA5-8EE1-7F1963C8CECE}.AppStore|x86.Deploy.0 = Release|Any CPU
		{1245E054-8FBA-4DA5-8EE1-7F1963C8CECE}.Debug|Any CPU.ActiveCfg = Debug|Any CPU
		{1245E054-8FBA-4DA5-8EE1-7F1963C8CECE}.Debug|Any CPU.Build.0 = Debug|Any CPU
		{1245E054-8FBA-4DA5-8EE1-7F1963C8CECE}.Debug|Any CPU.Deploy.0 = Debug|Any CPU
		{1245E054-8FBA-4DA5-8EE1-7F1963C8CECE}.Debug|ARM.ActiveCfg = Debug|Any CPU
		{1245E054-8FBA-4DA5-8EE1-7F1963C8CECE}.Debug|ARM.Build.0 = Debug|Any CPU
		{1245E054-8FBA-4DA5-8EE1-7F1963C8CECE}.Debug|ARM.Deploy.0 = Debug|Any CPU
		{1245E054-8FBA-4DA5-8EE1-7F1963C8CECE}.Debug|iPhone.ActiveCfg = Debug|Any CPU
		{1245E054-8FBA-4DA5-8EE1-7F1963C8CECE}.Debug|iPhone.Build.0 = Debug|Any CPU
		{1245E054-8FBA-4DA5-8EE1-7F1963C8CECE}.Debug|iPhone.Deploy.0 = Debug|Any CPU
		{1245E054-8FBA-4DA5-8EE1-7F1963C8CECE}.Debug|iPhoneSimulator.ActiveCfg = Debug|Any CPU
		{1245E054-8FBA-4DA5-8EE1-7F1963C8CECE}.Debug|iPhoneSimulator.Build.0 = Debug|Any CPU
		{1245E054-8FBA-4DA5-8EE1-7F1963C8CECE}.Debug|iPhoneSimulator.Deploy.0 = Debug|Any CPU
		{1245E054-8FBA-4DA5-8EE1-7F1963C8CECE}.Debug|x64.ActiveCfg = Debug|Any CPU
		{1245E054-8FBA-4DA5-8EE1-7F1963C8CECE}.Debug|x64.Build.0 = Debug|Any CPU
		{1245E054-8FBA-4DA5-8EE1-7F1963C8CECE}.Debug|x64.Deploy.0 = Debug|Any CPU
		{1245E054-8FBA-4DA5-8EE1-7F1963C8CECE}.Debug|x86.ActiveCfg = Debug|Any CPU
		{1245E054-8FBA-4DA5-8EE1-7F1963C8CECE}.Debug|x86.Build.0 = Debug|Any CPU
		{1245E054-8FBA-4DA5-8EE1-7F1963C8CECE}.Debug|x86.Deploy.0 = Debug|Any CPU
		{1245E054-8FBA-4DA5-8EE1-7F1963C8CECE}.Release|Any CPU.ActiveCfg = Release|Any CPU
		{1245E054-8FBA-4DA5-8EE1-7F1963C8CECE}.Release|Any CPU.Build.0 = Release|Any CPU
		{1245E054-8FBA-4DA5-8EE1-7F1963C8CECE}.Release|Any CPU.Deploy.0 = Release|Any CPU
		{1245E054-8FBA-4DA5-8EE1-7F1963C8CECE}.Release|ARM.ActiveCfg = Release|Any CPU
		{1245E054-8FBA-4DA5-8EE1-7F1963C8CECE}.Release|ARM.Build.0 = Release|Any CPU
		{1245E054-8FBA-4DA5-8EE1-7F1963C8CECE}.Release|ARM.Deploy.0 = Release|Any CPU
		{1245E054-8FBA-4DA5-8EE1-7F1963C8CECE}.Release|iPhone.ActiveCfg = Release|Any CPU
		{1245E054-8FBA-4DA5-8EE1-7F1963C8CECE}.Release|iPhone.Build.0 = Release|Any CPU
		{1245E054-8FBA-4DA5-8EE1-7F1963C8CECE}.Release|iPhone.Deploy.0 = Release|Any CPU
		{1245E054-8FBA-4DA5-8EE1-7F1963C8CECE}.Release|iPhoneSimulator.ActiveCfg = Release|Any CPU
		{1245E054-8FBA-4DA5-8EE1-7F1963C8CECE}.Release|iPhoneSimulator.Build.0 = Release|Any CPU
		{1245E054-8FBA-4DA5-8EE1-7F1963C8CECE}.Release|iPhoneSimulator.Deploy.0 = Release|Any CPU
		{1245E054-8FBA-4DA5-8EE1-7F1963C8CECE}.Release|x64.ActiveCfg = Release|Any CPU
		{1245E054-8FBA-4DA5-8EE1-7F1963C8CECE}.Release|x64.Build.0 = Release|Any CPU
		{1245E054-8FBA-4DA5-8EE1-7F1963C8CECE}.Release|x64.Deploy.0 = Release|Any CPU
		{1245E054-8FBA-4DA5-8EE1-7F1963C8CECE}.Release|x86.ActiveCfg = Release|Any CPU
		{1245E054-8FBA-4DA5-8EE1-7F1963C8CECE}.Release|x86.Build.0 = Release|Any CPU
		{1245E054-8FBA-4DA5-8EE1-7F1963C8CECE}.Release|x86.Deploy.0 = Release|Any CPU
		{20A5C23E-7649-44ED-AE49-183A1B5863C0}.Ad-Hoc|Any CPU.ActiveCfg = Ad-Hoc|iPhone
		{20A5C23E-7649-44ED-AE49-183A1B5863C0}.Ad-Hoc|ARM.ActiveCfg = Ad-Hoc|iPhone
		{20A5C23E-7649-44ED-AE49-183A1B5863C0}.Ad-Hoc|iPhone.ActiveCfg = Ad-Hoc|iPhone
		{20A5C23E-7649-44ED-AE49-183A1B5863C0}.Ad-Hoc|iPhone.Build.0 = Ad-Hoc|iPhone
		{20A5C23E-7649-44ED-AE49-183A1B5863C0}.Ad-Hoc|iPhoneSimulator.ActiveCfg = Ad-Hoc|iPhoneSimulator
		{20A5C23E-7649-44ED-AE49-183A1B5863C0}.Ad-Hoc|iPhoneSimulator.Build.0 = Ad-Hoc|iPhoneSimulator
		{20A5C23E-7649-44ED-AE49-183A1B5863C0}.Ad-Hoc|x64.ActiveCfg = Ad-Hoc|iPhone
		{20A5C23E-7649-44ED-AE49-183A1B5863C0}.Ad-Hoc|x86.ActiveCfg = Ad-Hoc|iPhone
		{20A5C23E-7649-44ED-AE49-183A1B5863C0}.AppStore|Any CPU.ActiveCfg = AppStore|iPhone
		{20A5C23E-7649-44ED-AE49-183A1B5863C0}.AppStore|ARM.ActiveCfg = AppStore|iPhone
		{20A5C23E-7649-44ED-AE49-183A1B5863C0}.AppStore|iPhone.ActiveCfg = AppStore|iPhone
		{20A5C23E-7649-44ED-AE49-183A1B5863C0}.AppStore|iPhone.Build.0 = AppStore|iPhone
		{20A5C23E-7649-44ED-AE49-183A1B5863C0}.AppStore|iPhoneSimulator.ActiveCfg = AppStore|iPhoneSimulator
		{20A5C23E-7649-44ED-AE49-183A1B5863C0}.AppStore|iPhoneSimulator.Build.0 = AppStore|iPhoneSimulator
		{20A5C23E-7649-44ED-AE49-183A1B5863C0}.AppStore|x64.ActiveCfg = AppStore|iPhone
		{20A5C23E-7649-44ED-AE49-183A1B5863C0}.AppStore|x86.ActiveCfg = AppStore|iPhone
		{20A5C23E-7649-44ED-AE49-183A1B5863C0}.Debug|Any CPU.ActiveCfg = Debug|iPhone
		{20A5C23E-7649-44ED-AE49-183A1B5863C0}.Debug|ARM.ActiveCfg = Debug|iPhone
		{20A5C23E-7649-44ED-AE49-183A1B5863C0}.Debug|iPhone.ActiveCfg = Debug|iPhone
		{20A5C23E-7649-44ED-AE49-183A1B5863C0}.Debug|iPhone.Build.0 = Debug|iPhone
		{20A5C23E-7649-44ED-AE49-183A1B5863C0}.Debug|iPhoneSimulator.ActiveCfg = Debug|iPhoneSimulator
		{20A5C23E-7649-44ED-AE49-183A1B5863C0}.Debug|iPhoneSimulator.Build.0 = Debug|iPhoneSimulator
		{20A5C23E-7649-44ED-AE49-183A1B5863C0}.Debug|x64.ActiveCfg = Debug|iPhone
		{20A5C23E-7649-44ED-AE49-183A1B5863C0}.Debug|x86.ActiveCfg = Debug|iPhone
		{20A5C23E-7649-44ED-AE49-183A1B5863C0}.Release|Any CPU.ActiveCfg = Release|iPhone
		{20A5C23E-7649-44ED-AE49-183A1B5863C0}.Release|ARM.ActiveCfg = Release|iPhone
		{20A5C23E-7649-44ED-AE49-183A1B5863C0}.Release|iPhone.ActiveCfg = Release|iPhone
		{20A5C23E-7649-44ED-AE49-183A1B5863C0}.Release|iPhone.Build.0 = Release|iPhone
		{20A5C23E-7649-44ED-AE49-183A1B5863C0}.Release|iPhoneSimulator.ActiveCfg = Release|iPhoneSimulator
		{20A5C23E-7649-44ED-AE49-183A1B5863C0}.Release|iPhoneSimulator.Build.0 = Release|iPhoneSimulator
		{20A5C23E-7649-44ED-AE49-183A1B5863C0}.Release|x64.ActiveCfg = Release|iPhone
		{20A5C23E-7649-44ED-AE49-183A1B5863C0}.Release|x86.ActiveCfg = Release|iPhone
		{A10BC41F-FDD8-4995-BE62-747EAD7F9D2E}.Ad-Hoc|Any CPU.ActiveCfg = Release|x86
		{A10BC41F-FDD8-4995-BE62-747EAD7F9D2E}.Ad-Hoc|Any CPU.Build.0 = Release|x86
		{A10BC41F-FDD8-4995-BE62-747EAD7F9D2E}.Ad-Hoc|Any CPU.Deploy.0 = Release|x86
		{A10BC41F-FDD8-4995-BE62-747EAD7F9D2E}.Ad-Hoc|ARM.ActiveCfg = Release|ARM
		{A10BC41F-FDD8-4995-BE62-747EAD7F9D2E}.Ad-Hoc|ARM.Build.0 = Release|ARM
		{A10BC41F-FDD8-4995-BE62-747EAD7F9D2E}.Ad-Hoc|ARM.Deploy.0 = Release|ARM
		{A10BC41F-FDD8-4995-BE62-747EAD7F9D2E}.Ad-Hoc|iPhone.ActiveCfg = Release|x86
		{A10BC41F-FDD8-4995-BE62-747EAD7F9D2E}.Ad-Hoc|iPhone.Build.0 = Release|x86
		{A10BC41F-FDD8-4995-BE62-747EAD7F9D2E}.Ad-Hoc|iPhone.Deploy.0 = Release|x86
		{A10BC41F-FDD8-4995-BE62-747EAD7F9D2E}.Ad-Hoc|iPhoneSimulator.ActiveCfg = Release|x86
		{A10BC41F-FDD8-4995-BE62-747EAD7F9D2E}.Ad-Hoc|iPhoneSimulator.Build.0 = Release|x86
		{A10BC41F-FDD8-4995-BE62-747EAD7F9D2E}.Ad-Hoc|iPhoneSimulator.Deploy.0 = Release|x86
		{A10BC41F-FDD8-4995-BE62-747EAD7F9D2E}.Ad-Hoc|x64.ActiveCfg = Release|x64
		{A10BC41F-FDD8-4995-BE62-747EAD7F9D2E}.Ad-Hoc|x64.Build.0 = Release|x64
		{A10BC41F-FDD8-4995-BE62-747EAD7F9D2E}.Ad-Hoc|x64.Deploy.0 = Release|x64
		{A10BC41F-FDD8-4995-BE62-747EAD7F9D2E}.Ad-Hoc|x86.ActiveCfg = Release|x86
		{A10BC41F-FDD8-4995-BE62-747EAD7F9D2E}.Ad-Hoc|x86.Build.0 = Release|x86
		{A10BC41F-FDD8-4995-BE62-747EAD7F9D2E}.Ad-Hoc|x86.Deploy.0 = Release|x86
		{A10BC41F-FDD8-4995-BE62-747EAD7F9D2E}.AppStore|Any CPU.ActiveCfg = Release|x86
		{A10BC41F-FDD8-4995-BE62-747EAD7F9D2E}.AppStore|Any CPU.Build.0 = Release|x86
		{A10BC41F-FDD8-4995-BE62-747EAD7F9D2E}.AppStore|Any CPU.Deploy.0 = Release|x86
		{A10BC41F-FDD8-4995-BE62-747EAD7F9D2E}.AppStore|ARM.ActiveCfg = Release|ARM
		{A10BC41F-FDD8-4995-BE62-747EAD7F9D2E}.AppStore|ARM.Build.0 = Release|ARM
		{A10BC41F-FDD8-4995-BE62-747EAD7F9D2E}.AppStore|ARM.Deploy.0 = Release|ARM
		{A10BC41F-FDD8-4995-BE62-747EAD7F9D2E}.AppStore|iPhone.ActiveCfg = Release|x86
		{A10BC41F-FDD8-4995-BE62-747EAD7F9D2E}.AppStore|iPhone.Build.0 = Release|x86
		{A10BC41F-FDD8-4995-BE62-747EAD7F9D2E}.AppStore|iPhone.Deploy.0 = Release|x86
		{A10BC41F-FDD8-4995-BE62-747EAD7F9D2E}.AppStore|iPhoneSimulator.ActiveCfg = Release|x86
		{A10BC41F-FDD8-4995-BE62-747EAD7F9D2E}.AppStore|iPhoneSimulator.Build.0 = Release|x86
		{A10BC41F-FDD8-4995-BE62-747EAD7F9D2E}.AppStore|iPhoneSimulator.Deploy.0 = Release|x86
		{A10BC41F-FDD8-4995-BE62-747EAD7F9D2E}.AppStore|x64.ActiveCfg = Release|x64
		{A10BC41F-FDD8-4995-BE62-747EAD7F9D2E}.AppStore|x64.Build.0 = Release|x64
		{A10BC41F-FDD8-4995-BE62-747EAD7F9D2E}.AppStore|x64.Deploy.0 = Release|x64
		{A10BC41F-FDD8-4995-BE62-747EAD7F9D2E}.AppStore|x86.ActiveCfg = Release|x86
		{A10BC41F-FDD8-4995-BE62-747EAD7F9D2E}.AppStore|x86.Build.0 = Release|x86
		{A10BC41F-FDD8-4995-BE62-747EAD7F9D2E}.AppStore|x86.Deploy.0 = Release|x86
		{A10BC41F-FDD8-4995-BE62-747EAD7F9D2E}.Debug|Any CPU.ActiveCfg = Debug|x86
		{A10BC41F-FDD8-4995-BE62-747EAD7F9D2E}.Debug|ARM.ActiveCfg = Debug|ARM
		{A10BC41F-FDD8-4995-BE62-747EAD7F9D2E}.Debug|ARM.Build.0 = Debug|ARM
		{A10BC41F-FDD8-4995-BE62-747EAD7F9D2E}.Debug|ARM.Deploy.0 = Debug|ARM
		{A10BC41F-FDD8-4995-BE62-747EAD7F9D2E}.Debug|iPhone.ActiveCfg = Debug|x86
		{A10BC41F-FDD8-4995-BE62-747EAD7F9D2E}.Debug|iPhoneSimulator.ActiveCfg = Debug|x86
		{A10BC41F-FDD8-4995-BE62-747EAD7F9D2E}.Debug|x64.ActiveCfg = Debug|x64
		{A10BC41F-FDD8-4995-BE62-747EAD7F9D2E}.Debug|x64.Build.0 = Debug|x64
		{A10BC41F-FDD8-4995-BE62-747EAD7F9D2E}.Debug|x64.Deploy.0 = Debug|x64
		{A10BC41F-FDD8-4995-BE62-747EAD7F9D2E}.Debug|x86.ActiveCfg = Debug|x86
		{A10BC41F-FDD8-4995-BE62-747EAD7F9D2E}.Debug|x86.Build.0 = Debug|x86
		{A10BC41F-FDD8-4995-BE62-747EAD7F9D2E}.Debug|x86.Deploy.0 = Debug|x86
		{A10BC41F-FDD8-4995-BE62-747EAD7F9D2E}.Release|Any CPU.ActiveCfg = Release|x86
		{A10BC41F-FDD8-4995-BE62-747EAD7F9D2E}.Release|ARM.ActiveCfg = Release|ARM
		{A10BC41F-FDD8-4995-BE62-747EAD7F9D2E}.Release|ARM.Build.0 = Release|ARM
		{A10BC41F-FDD8-4995-BE62-747EAD7F9D2E}.Release|ARM.Deploy.0 = Release|ARM
		{A10BC41F-FDD8-4995-BE62-747EAD7F9D2E}.Release|iPhone.ActiveCfg = Release|x86
		{A10BC41F-FDD8-4995-BE62-747EAD7F9D2E}.Release|iPhoneSimulator.ActiveCfg = Release|x86
		{A10BC41F-FDD8-4995-BE62-747EAD7F9D2E}.Release|x64.ActiveCfg = Release|x64
		{A10BC41F-FDD8-4995-BE62-747EAD7F9D2E}.Release|x64.Build.0 = Release|x64
		{A10BC41F-FDD8-4995-BE62-747EAD7F9D2E}.Release|x64.Deploy.0 = Release|x64
		{A10BC41F-FDD8-4995-BE62-747EAD7F9D2E}.Release|x86.ActiveCfg = Release|x86
		{A10BC41F-FDD8-4995-BE62-747EAD7F9D2E}.Release|x86.Build.0 = Release|x86
		{A10BC41F-FDD8-4995-BE62-747EAD7F9D2E}.Release|x86.Deploy.0 = Release|x86
	EndGlobalSection
	GlobalSection(SolutionProperties) = preSolution
		HideSolutionNode = FALSE
	EndGlobalSection
	GlobalSection(NestedProjects) = preSolution
		{576A66F8-532A-4B9D-A438-46A94116C974} = {058C8925-75F6-4E55-8036-B42021499C60}
		{0A7F9C11-FC99-44DA-B4B1-EDE4B71BA5BC} = {5DFE5D02-8BC2-47D8-86A7-A43FFE6490E9}
		{8B6A346F-02F6-4BEE-BCB0-99252ED4F8CF} = {CAA501A3-6C1E-45E3-82EC-F26503208D91}
		{F4A7D9E0-4D79-40CF-BF7D-3E0DD65655C2} = {BA274382-8B97-46E9-BE93-E423E5938E02}
		{1245E054-8FBA-4DA5-8EE1-7F1963C8CECE} = {BA274382-8B97-46E9-BE93-E423E5938E02}
		{20A5C23E-7649-44ED-AE49-183A1B5863C0} = {BA274382-8B97-46E9-BE93-E423E5938E02}
		{A10BC41F-FDD8-4995-BE62-747EAD7F9D2E} = {BA274382-8B97-46E9-BE93-E423E5938E02}
	EndGlobalSection
	GlobalSection(ExtensibilityGlobals) = postSolution
		SolutionGuid = {CDBEF89C-C746-4ADE-88FA-D84C89558D45}
	EndGlobalSection
EndGlobal
